// !$*UTF8*$!
{
	archiveVersion = 1;
	classes = {
	};
	objectVersion = 56;
	objects = {

/* Begin PBXBuildFile section */
		048CFE4429BFB01C00650E75 /* AppDelegate.swift in Sources */ = {isa = PBXBuildFile; fileRef = 048CFE4329BFB01C00650E75 /* AppDelegate.swift */; };
		048CFE4629BFB01C00650E75 /* SceneDelegate.swift in Sources */ = {isa = PBXBuildFile; fileRef = 048CFE4529BFB01C00650E75 /* SceneDelegate.swift */; };
		048CFE4829BFB01C00650E75 /* ViewController.swift in Sources */ = {isa = PBXBuildFile; fileRef = 048CFE4729BFB01C00650E75 /* ViewController.swift */; };
		048CFE4E29BFB01C00650E75 /* TestShop.xcdatamodeld in Sources */ = {isa = PBXBuildFile; fileRef = 048CFE4C29BFB01C00650E75 /* TestShop.xcdatamodeld */; };
		048CFE5329BFB02000650E75 /* LaunchScreen.storyboard in Resources */ = {isa = PBXBuildFile; fileRef = 048CFE5129BFB02000650E75 /* LaunchScreen.storyboard */; };
		04BDAB0F29D23094006669A0 /* Images.xcassets in Resources */ = {isa = PBXBuildFile; fileRef = 04BDAB0E29D23094006669A0 /* Images.xcassets */; };
		04BDAB1229D230C9006669A0 /* Colors.xcassets in Resources */ = {isa = PBXBuildFile; fileRef = 04BDAB1129D230C9006669A0 /* Colors.xcassets */; };
		04BDAB1829D2314D006669A0 /* LocalizableStrings.strings in Resources */ = {isa = PBXBuildFile; fileRef = 04BDAB1A29D2314D006669A0 /* LocalizableStrings.strings */; };
		04BDAB2429D23191006669A0 /* SFProDisplay-Regular.ttf in Resources */ = {isa = PBXBuildFile; fileRef = 04BDAB1C29D23190006669A0 /* SFProDisplay-Regular.ttf */; };
		04BDAB2529D23191006669A0 /* SFProDisplay-Semibold.ttf in Resources */ = {isa = PBXBuildFile; fileRef = 04BDAB1D29D23190006669A0 /* SFProDisplay-Semibold.ttf */; };
		04BDAB2629D23191006669A0 /* SFProDisplay-Bold.ttf in Resources */ = {isa = PBXBuildFile; fileRef = 04BDAB1E29D23190006669A0 /* SFProDisplay-Bold.ttf */; };
		04BDAB2729D23191006669A0 /* PoetsenOne-Regular.ttf in Resources */ = {isa = PBXBuildFile; fileRef = 04BDAB1F29D23190006669A0 /* PoetsenOne-Regular.ttf */; };
		04BDAB2829D23191006669A0 /* SFProText-Regular.ttf in Resources */ = {isa = PBXBuildFile; fileRef = 04BDAB2029D23191006669A0 /* SFProText-Regular.ttf */; };
		04BDAB2929D23191006669A0 /* Roboto-Regular.ttf in Resources */ = {isa = PBXBuildFile; fileRef = 04BDAB2129D23191006669A0 /* Roboto-Regular.ttf */; };
		04BDAB2A29D23191006669A0 /* SFProText-Bold.ttf in Resources */ = {isa = PBXBuildFile; fileRef = 04BDAB2229D23191006669A0 /* SFProText-Bold.ttf */; };
		04BDAB2B29D23191006669A0 /* SFProText-Medium.ttf in Resources */ = {isa = PBXBuildFile; fileRef = 04BDAB2329D23191006669A0 /* SFProText-Medium.ttf */; };
		81463689DD1BA13EEC61988C /* Pods_TestShop.framework in Frameworks */ = {isa = PBXBuildFile; fileRef = 78003DBE965759EB69BF6C1E /* Pods_TestShop.framework */; };
/* End PBXBuildFile section */

/* Begin PBXFileReference section */
		048CFE4029BFB01C00650E75 /* TestShop.app */ = {isa = PBXFileReference; explicitFileType = wrapper.application; includeInIndex = 0; path = TestShop.app; sourceTree = BUILT_PRODUCTS_DIR; };
		048CFE4329BFB01C00650E75 /* AppDelegate.swift */ = {isa = PBXFileReference; lastKnownFileType = sourcecode.swift; path = AppDelegate.swift; sourceTree = "<group>"; };
		048CFE4529BFB01C00650E75 /* SceneDelegate.swift */ = {isa = PBXFileReference; lastKnownFileType = sourcecode.swift; path = SceneDelegate.swift; sourceTree = "<group>"; };
		048CFE4729BFB01C00650E75 /* ViewController.swift */ = {isa = PBXFileReference; lastKnownFileType = sourcecode.swift; path = ViewController.swift; sourceTree = "<group>"; };
		048CFE4D29BFB01C00650E75 /* TestShop.xcdatamodel */ = {isa = PBXFileReference; lastKnownFileType = wrapper.xcdatamodel; path = TestShop.xcdatamodel; sourceTree = "<group>"; };
		048CFE5229BFB02000650E75 /* Base */ = {isa = PBXFileReference; lastKnownFileType = file.storyboard; name = Base; path = Base.lproj/LaunchScreen.storyboard; sourceTree = "<group>"; };
		048CFE5429BFB02000650E75 /* Info.plist */ = {isa = PBXFileReference; lastKnownFileType = text.plist.xml; path = Info.plist; sourceTree = "<group>"; };
		04BDAB0E29D23094006669A0 /* Images.xcassets */ = {isa = PBXFileReference; lastKnownFileType = folder.assetcatalog; path = Images.xcassets; sourceTree = "<group>"; };
		04BDAB1129D230C9006669A0 /* Colors.xcassets */ = {isa = PBXFileReference; lastKnownFileType = folder.assetcatalog; path = Colors.xcassets; sourceTree = "<group>"; };
		04BDAB1929D2314D006669A0 /* en */ = {isa = PBXFileReference; lastKnownFileType = text.plist.strings; name = en; path = en.lproj/LocalizableStrings.strings; sourceTree = "<group>"; };
		04BDAB1C29D23190006669A0 /* SFProDisplay-Regular.ttf */ = {isa = PBXFileReference; lastKnownFileType = file; path = "SFProDisplay-Regular.ttf"; sourceTree = "<group>"; };
		04BDAB1D29D23190006669A0 /* SFProDisplay-Semibold.ttf */ = {isa = PBXFileReference; lastKnownFileType = file; path = "SFProDisplay-Semibold.ttf"; sourceTree = "<group>"; };
		04BDAB1E29D23190006669A0 /* SFProDisplay-Bold.ttf */ = {isa = PBXFileReference; lastKnownFileType = file; path = "SFProDisplay-Bold.ttf"; sourceTree = "<group>"; };
		04BDAB1F29D23190006669A0 /* PoetsenOne-Regular.ttf */ = {isa = PBXFileReference; lastKnownFileType = file; path = "PoetsenOne-Regular.ttf"; sourceTree = "<group>"; };
		04BDAB2029D23191006669A0 /* SFProText-Regular.ttf */ = {isa = PBXFileReference; lastKnownFileType = file; path = "SFProText-Regular.ttf"; sourceTree = "<group>"; };
		04BDAB2129D23191006669A0 /* Roboto-Regular.ttf */ = {isa = PBXFileReference; lastKnownFileType = file; path = "Roboto-Regular.ttf"; sourceTree = "<group>"; };
		04BDAB2229D23191006669A0 /* SFProText-Bold.ttf */ = {isa = PBXFileReference; lastKnownFileType = file; path = "SFProText-Bold.ttf"; sourceTree = "<group>"; };
		04BDAB2329D23191006669A0 /* SFProText-Medium.ttf */ = {isa = PBXFileReference; lastKnownFileType = file; path = "SFProText-Medium.ttf"; sourceTree = "<group>"; };
		78003DBE965759EB69BF6C1E /* Pods_TestShop.framework */ = {isa = PBXFileReference; explicitFileType = wrapper.framework; includeInIndex = 0; path = Pods_TestShop.framework; sourceTree = BUILT_PRODUCTS_DIR; };
		9BF6AAAB13CE33F17B27AB17 /* Pods-TestShop.debug.xcconfig */ = {isa = PBXFileReference; includeInIndex = 1; lastKnownFileType = text.xcconfig; name = "Pods-TestShop.debug.xcconfig"; path = "Target Support Files/Pods-TestShop/Pods-TestShop.debug.xcconfig"; sourceTree = "<group>"; };
		C42C90339EC32976B6D870C3 /* Pods-TestShop.release.xcconfig */ = {isa = PBXFileReference; includeInIndex = 1; lastKnownFileType = text.xcconfig; name = "Pods-TestShop.release.xcconfig"; path = "Target Support Files/Pods-TestShop/Pods-TestShop.release.xcconfig"; sourceTree = "<group>"; };
/* End PBXFileReference section */

/* Begin PBXFrameworksBuildPhase section */
		048CFE3D29BFB01C00650E75 /* Frameworks */ = {
			isa = PBXFrameworksBuildPhase;
			buildActionMask = 2147483647;
			files = (
				81463689DD1BA13EEC61988C /* Pods_TestShop.framework in Frameworks */,
			);
			runOnlyForDeploymentPostprocessing = 0;
		};
/* End PBXFrameworksBuildPhase section */

/* Begin PBXGroup section */
		048CFE3729BFB01C00650E75 = {
			isa = PBXGroup;
			children = (
				048CFE4229BFB01C00650E75 /* TestShop */,
				048CFE4129BFB01C00650E75 /* Products */,
				2C6C1ED6B96B5827ADD770A4 /* Pods */,
				351DD4E737D2CF13FB460F36 /* Frameworks */,
			);
			sourceTree = "<group>";
		};
		048CFE4129BFB01C00650E75 /* Products */ = {
			isa = PBXGroup;
			children = (
				048CFE4029BFB01C00650E75 /* TestShop.app */,
			);
			name = Products;
			sourceTree = "<group>";
		};
		048CFE4229BFB01C00650E75 /* TestShop */ = {
			isa = PBXGroup;
			children = (
				04BDAB1329D230FA006669A0 /* Resources */,
				04BDAB0729D09966006669A0 /* Application */,
				04BDAB0629D09958006669A0 /* SupportingFiles */,
				048CFE4729BFB01C00650E75 /* ViewController.swift */,
			);
			path = TestShop;
			sourceTree = "<group>";
		};
		04BDAB0629D09958006669A0 /* SupportingFiles */ = {
			isa = PBXGroup;
			children = (
				04BDAB2E29D23381006669A0 /* LocalizableStrings */,
				04BDAB1B29D23155006669A0 /* Fonts */,
				048CFE4C29BFB01C00650E75 /* TestShop.xcdatamodeld */,
				04BDAB0E29D23094006669A0 /* Images.xcassets */,
				04BDAB1129D230C9006669A0 /* Colors.xcassets */,
				048CFE5129BFB02000650E75 /* LaunchScreen.storyboard */,
				048CFE5429BFB02000650E75 /* Info.plist */,
			);
			path = SupportingFiles;
			sourceTree = "<group>";
		};
		04BDAB0729D09966006669A0 /* Application */ = {
			isa = PBXGroup;
			children = (
				048CFE4329BFB01C00650E75 /* AppDelegate.swift */,
				048CFE4529BFB01C00650E75 /* SceneDelegate.swift */,
			);
			path = Application;
			sourceTree = "<group>";
		};
		04BDAB1329D230FA006669A0 /* Resources */ = {
			isa = PBXGroup;
			children = (
				04BDAB1429D23106006669A0 /* SwiftGen */,
			);
			path = Resources;
			sourceTree = "<group>";
		};
		04BDAB1429D23106006669A0 /* SwiftGen */ = {
			isa = PBXGroup;
			children = (
			);
			path = SwiftGen;
			sourceTree = "<group>";
		};
		04BDAB1B29D23155006669A0 /* Fonts */ = {
			isa = PBXGroup;
			children = (
				04BDAB1F29D23190006669A0 /* PoetsenOne-Regular.ttf */,
				04BDAB2129D23191006669A0 /* Roboto-Regular.ttf */,
				04BDAB1E29D23190006669A0 /* SFProDisplay-Bold.ttf */,
				04BDAB1C29D23190006669A0 /* SFProDisplay-Regular.ttf */,
				04BDAB1D29D23190006669A0 /* SFProDisplay-Semibold.ttf */,
				04BDAB2229D23191006669A0 /* SFProText-Bold.ttf */,
				04BDAB2329D23191006669A0 /* SFProText-Medium.ttf */,
				04BDAB2029D23191006669A0 /* SFProText-Regular.ttf */,
			);
			path = Fonts;
			sourceTree = "<group>";
		};
		04BDAB2E29D23381006669A0 /* LocalizableStrings */ = {
			isa = PBXGroup;
			children = (
				04BDAB1A29D2314D006669A0 /* LocalizableStrings.strings */,
			);
			path = LocalizableStrings;
			sourceTree = "<group>";
		};
		2C6C1ED6B96B5827ADD770A4 /* Pods */ = {
			isa = PBXGroup;
			children = (
				9BF6AAAB13CE33F17B27AB17 /* Pods-TestShop.debug.xcconfig */,
				C42C90339EC32976B6D870C3 /* Pods-TestShop.release.xcconfig */,
			);
			path = Pods;
			sourceTree = "<group>";
		};
		351DD4E737D2CF13FB460F36 /* Frameworks */ = {
			isa = PBXGroup;
			children = (
				78003DBE965759EB69BF6C1E /* Pods_TestShop.framework */,
			);
			name = Frameworks;
			sourceTree = "<group>";
		};
/* End PBXGroup section */

/* Begin PBXNativeTarget section */
		048CFE3F29BFB01C00650E75 /* TestShop */ = {
			isa = PBXNativeTarget;
			buildConfigurationList = 048CFE5729BFB02000650E75 /* Build configuration list for PBXNativeTarget "TestShop" */;
			buildPhases = (
				2241860F3CAE4E48FF93043C /* [CP] Check Pods Manifest.lock */,
				04BDAB2C29D231BF006669A0 /* SwiftLint */,
				048CFE3C29BFB01C00650E75 /* Sources */,
				048CFE3D29BFB01C00650E75 /* Frameworks */,
				048CFE3E29BFB01C00650E75 /* Resources */,
				51E7958C429EC7343C54F0A6 /* [CP] Embed Pods Frameworks */,
				04BDAB2D29D231D1006669A0 /* SwiftGen */,
			);
			buildRules = (
			);
			dependencies = (
			);
			name = TestShop;
			productName = TestShop;
			productReference = 048CFE4029BFB01C00650E75 /* TestShop.app */;
			productType = "com.apple.product-type.application";
		};
/* End PBXNativeTarget section */

/* Begin PBXProject section */
		048CFE3829BFB01C00650E75 /* Project object */ = {
			isa = PBXProject;
			attributes = {
				BuildIndependentTargetsInParallel = 1;
				LastSwiftUpdateCheck = 1420;
				LastUpgradeCheck = 1420;
				TargetAttributes = {
					048CFE3F29BFB01C00650E75 = {
						CreatedOnToolsVersion = 14.2;
					};
				};
			};
			buildConfigurationList = 048CFE3B29BFB01C00650E75 /* Build configuration list for PBXProject "TestShop" */;
			compatibilityVersion = "Xcode 14.0";
			developmentRegion = en;
			hasScannedForEncodings = 0;
			knownRegions = (
				en,
				Base,
			);
			mainGroup = 048CFE3729BFB01C00650E75;
			productRefGroup = 048CFE4129BFB01C00650E75 /* Products */;
			projectDirPath = "";
			projectRoot = "";
			targets = (
				048CFE3F29BFB01C00650E75 /* TestShop */,
			);
		};
/* End PBXProject section */

/* Begin PBXResourcesBuildPhase section */
		048CFE3E29BFB01C00650E75 /* Resources */ = {
			isa = PBXResourcesBuildPhase;
			buildActionMask = 2147483647;
			files = (
				04BDAB1229D230C9006669A0 /* Colors.xcassets in Resources */,
				04BDAB2729D23191006669A0 /* PoetsenOne-Regular.ttf in Resources */,
				04BDAB2929D23191006669A0 /* Roboto-Regular.ttf in Resources */,
				04BDAB2529D23191006669A0 /* SFProDisplay-Semibold.ttf in Resources */,
				04BDAB0F29D23094006669A0 /* Images.xcassets in Resources */,
				04BDAB1829D2314D006669A0 /* LocalizableStrings.strings in Resources */,
				04BDAB2629D23191006669A0 /* SFProDisplay-Bold.ttf in Resources */,
				04BDAB2429D23191006669A0 /* SFProDisplay-Regular.ttf in Resources */,
				04BDAB2A29D23191006669A0 /* SFProText-Bold.ttf in Resources */,
				04BDAB2B29D23191006669A0 /* SFProText-Medium.ttf in Resources */,
				04BDAB2829D23191006669A0 /* SFProText-Regular.ttf in Resources */,
				048CFE5329BFB02000650E75 /* LaunchScreen.storyboard in Resources */,
			);
			runOnlyForDeploymentPostprocessing = 0;
		};
/* End PBXResourcesBuildPhase section */

/* Begin PBXShellScriptBuildPhase section */
		04BDAB2C29D231BF006669A0 /* SwiftLint */ = {
			isa = PBXShellScriptBuildPhase;
			buildActionMask = 2147483647;
			files = (
			);
			inputFileListPaths = (
			);
			inputPaths = (
			);
			name = SwiftLint;
			outputFileListPaths = (
			);
			outputPaths = (
			);
			runOnlyForDeploymentPostprocessing = 0;
			shellPath = /bin/sh;
			shellScript = "\"${PODS_ROOT}/SwiftLint/swiftlint\"\n";
		};
		04BDAB2D29D231D1006669A0 /* SwiftGen */ = {
			isa = PBXShellScriptBuildPhase;
			buildActionMask = 2147483647;
			files = (
			);
			inputFileListPaths = (
			);
			inputPaths = (
			);
			name = SwiftGen;
			outputFileListPaths = (
			);
			outputPaths = (
			);
			runOnlyForDeploymentPostprocessing = 0;
			shellPath = /bin/sh;
			shellScript = "${PODS_ROOT}/SwiftGen/bin/swiftgen\n";
		};
		2241860F3CAE4E48FF93043C /* [CP] Check Pods Manifest.lock */ = {
			isa = PBXShellScriptBuildPhase;
			buildActionMask = 2147483647;
			files = (
			);
			inputFileListPaths = (
			);
			inputPaths = (
				"${PODS_PODFILE_DIR_PATH}/Podfile.lock",
				"${PODS_ROOT}/Manifest.lock",
			);
			name = "[CP] Check Pods Manifest.lock";
			outputFileListPaths = (
			);
			outputPaths = (
				"$(DERIVED_FILE_DIR)/Pods-TestShop-checkManifestLockResult.txt",
			);
			runOnlyForDeploymentPostprocessing = 0;
			shellPath = /bin/sh;
			shellScript = "diff \"${PODS_PODFILE_DIR_PATH}/Podfile.lock\" \"${PODS_ROOT}/Manifest.lock\" > /dev/null\nif [ $? != 0 ] ; then\n    # print error to STDERR\n    echo \"error: The sandbox is not in sync with the Podfile.lock. Run 'pod install' or update your CocoaPods installation.\" >&2\n    exit 1\nfi\n# This output is used by Xcode 'outputs' to avoid re-running this script phase.\necho \"SUCCESS\" > \"${SCRIPT_OUTPUT_FILE_0}\"\n";
			showEnvVarsInLog = 0;
		};
		51E7958C429EC7343C54F0A6 /* [CP] Embed Pods Frameworks */ = {
			isa = PBXShellScriptBuildPhase;
			buildActionMask = 2147483647;
			files = (
			);
			inputFileListPaths = (
				"${PODS_ROOT}/Target Support Files/Pods-TestShop/Pods-TestShop-frameworks-${CONFIGURATION}-input-files.xcfilelist",
			);
			name = "[CP] Embed Pods Frameworks";
			outputFileListPaths = (
				"${PODS_ROOT}/Target Support Files/Pods-TestShop/Pods-TestShop-frameworks-${CONFIGURATION}-output-files.xcfilelist",
			);
			runOnlyForDeploymentPostprocessing = 0;
			shellPath = /bin/sh;
			shellScript = "\"${PODS_ROOT}/Target Support Files/Pods-TestShop/Pods-TestShop-frameworks.sh\"\n";
			showEnvVarsInLog = 0;
		};
/* End PBXShellScriptBuildPhase section */

/* Begin PBXSourcesBuildPhase section */
		048CFE3C29BFB01C00650E75 /* Sources */ = {
			isa = PBXSourcesBuildPhase;
			buildActionMask = 2147483647;
			files = (
				048CFE4829BFB01C00650E75 /* ViewController.swift in Sources */,
				048CFE4429BFB01C00650E75 /* AppDelegate.swift in Sources */,
				048CFE4629BFB01C00650E75 /* SceneDelegate.swift in Sources */,
				048CFE4E29BFB01C00650E75 /* TestShop.xcdatamodeld in Sources */,
			);
			runOnlyForDeploymentPostprocessing = 0;
		};
/* End PBXSourcesBuildPhase section */

/* Begin PBXVariantGroup section */
		048CFE5129BFB02000650E75 /* LaunchScreen.storyboard */ = {
			isa = PBXVariantGroup;
			children = (
				048CFE5229BFB02000650E75 /* Base */,
			);
			name = LaunchScreen.storyboard;
			sourceTree = "<group>";
		};
		04BDAB1A29D2314D006669A0 /* LocalizableStrings.strings */ = {
			isa = PBXVariantGroup;
			children = (
				04BDAB1929D2314D006669A0 /* en */,
			);
			name = LocalizableStrings.strings;
			sourceTree = "<group>";
		};
/* End PBXVariantGroup section */

/* Begin XCBuildConfiguration section */
		048CFE5529BFB02000650E75 /* Debug */ = {
			isa = XCBuildConfiguration;
			buildSettings = {
				ALWAYS_SEARCH_USER_PATHS = NO;
				CLANG_ANALYZER_NONNULL = YES;
				CLANG_ANALYZER_NUMBER_OBJECT_CONVERSION = YES_AGGRESSIVE;
				CLANG_CXX_LANGUAGE_STANDARD = "gnu++20";
				CLANG_ENABLE_MODULES = YES;
				CLANG_ENABLE_OBJC_ARC = YES;
				CLANG_ENABLE_OBJC_WEAK = YES;
				CLANG_WARN_BLOCK_CAPTURE_AUTORELEASING = YES;
				CLANG_WARN_BOOL_CONVERSION = YES;
				CLANG_WARN_COMMA = YES;
				CLANG_WARN_CONSTANT_CONVERSION = YES;
				CLANG_WARN_DEPRECATED_OBJC_IMPLEMENTATIONS = YES;
				CLANG_WARN_DIRECT_OBJC_ISA_USAGE = YES_ERROR;
				CLANG_WARN_DOCUMENTATION_COMMENTS = YES;
				CLANG_WARN_EMPTY_BODY = YES;
				CLANG_WARN_ENUM_CONVERSION = YES;
				CLANG_WARN_INFINITE_RECURSION = YES;
				CLANG_WARN_INT_CONVERSION = YES;
				CLANG_WARN_NON_LITERAL_NULL_CONVERSION = YES;
				CLANG_WARN_OBJC_IMPLICIT_RETAIN_SELF = YES;
				CLANG_WARN_OBJC_LITERAL_CONVERSION = YES;
				CLANG_WARN_OBJC_ROOT_CLASS = YES_ERROR;
				CLANG_WARN_QUOTED_INCLUDE_IN_FRAMEWORK_HEADER = YES;
				CLANG_WARN_RANGE_LOOP_ANALYSIS = YES;
				CLANG_WARN_STRICT_PROTOTYPES = YES;
				CLANG_WARN_SUSPICIOUS_MOVE = YES;
				CLANG_WARN_UNGUARDED_AVAILABILITY = YES_AGGRESSIVE;
				CLANG_WARN_UNREACHABLE_CODE = YES;
				CLANG_WARN__DUPLICATE_METHOD_MATCH = YES;
				COPY_PHASE_STRIP = NO;
				DEBUG_INFORMATION_FORMAT = dwarf;
				ENABLE_STRICT_OBJC_MSGSEND = YES;
				ENABLE_TESTABILITY = YES;
				GCC_C_LANGUAGE_STANDARD = gnu11;
				GCC_DYNAMIC_NO_PIC = NO;
				GCC_NO_COMMON_BLOCKS = YES;
				GCC_OPTIMIZATION_LEVEL = 0;
				GCC_PREPROCESSOR_DEFINITIONS = (
					"DEBUG=1",
					"$(inherited)",
				);
				GCC_WARN_64_TO_32_BIT_CONVERSION = YES;
				GCC_WARN_ABOUT_RETURN_TYPE = YES_ERROR;
				GCC_WARN_UNDECLARED_SELECTOR = YES;
				GCC_WARN_UNINITIALIZED_AUTOS = YES_AGGRESSIVE;
				GCC_WARN_UNUSED_FUNCTION = YES;
				GCC_WARN_UNUSED_VARIABLE = YES;
				IPHONEOS_DEPLOYMENT_TARGET = 16.2;
				MTL_ENABLE_DEBUG_INFO = INCLUDE_SOURCE;
				MTL_FAST_MATH = YES;
				ONLY_ACTIVE_ARCH = YES;
				SDKROOT = iphoneos;
				SWIFT_ACTIVE_COMPILATION_CONDITIONS = DEBUG;
				SWIFT_OPTIMIZATION_LEVEL = "-Onone";
			};
			name = Debug;
		};
		048CFE5629BFB02000650E75 /* Release */ = {
			isa = XCBuildConfiguration;
			buildSettings = {
				ALWAYS_SEARCH_USER_PATHS = NO;
				CLANG_ANALYZER_NONNULL = YES;
				CLANG_ANALYZER_NUMBER_OBJECT_CONVERSION = YES_AGGRESSIVE;
				CLANG_CXX_LANGUAGE_STANDARD = "gnu++20";
				CLANG_ENABLE_MODULES = YES;
				CLANG_ENABLE_OBJC_ARC = YES;
				CLANG_ENABLE_OBJC_WEAK = YES;
				CLANG_WARN_BLOCK_CAPTURE_AUTORELEASING = YES;
				CLANG_WARN_BOOL_CONVERSION = YES;
				CLANG_WARN_COMMA = YES;
				CLANG_WARN_CONSTANT_CONVERSION = YES;
				CLANG_WARN_DEPRECATED_OBJC_IMPLEMENTATIONS = YES;
				CLANG_WARN_DIRECT_OBJC_ISA_USAGE = YES_ERROR;
				CLANG_WARN_DOCUMENTATION_COMMENTS = YES;
				CLANG_WARN_EMPTY_BODY = YES;
				CLANG_WARN_ENUM_CONVERSION = YES;
				CLANG_WARN_INFINITE_RECURSION = YES;
				CLANG_WARN_INT_CONVERSION = YES;
				CLANG_WARN_NON_LITERAL_NULL_CONVERSION = YES;
				CLANG_WARN_OBJC_IMPLICIT_RETAIN_SELF = YES;
				CLANG_WARN_OBJC_LITERAL_CONVERSION = YES;
				CLANG_WARN_OBJC_ROOT_CLASS = YES_ERROR;
				CLANG_WARN_QUOTED_INCLUDE_IN_FRAMEWORK_HEADER = YES;
				CLANG_WARN_RANGE_LOOP_ANALYSIS = YES;
				CLANG_WARN_STRICT_PROTOTYPES = YES;
				CLANG_WARN_SUSPICIOUS_MOVE = YES;
				CLANG_WARN_UNGUARDED_AVAILABILITY = YES_AGGRESSIVE;
				CLANG_WARN_UNREACHABLE_CODE = YES;
				CLANG_WARN__DUPLICATE_METHOD_MATCH = YES;
				COPY_PHASE_STRIP = NO;
				DEBUG_INFORMATION_FORMAT = "dwarf-with-dsym";
				ENABLE_NS_ASSERTIONS = NO;
				ENABLE_STRICT_OBJC_MSGSEND = YES;
				GCC_C_LANGUAGE_STANDARD = gnu11;
				GCC_NO_COMMON_BLOCKS = YES;
				GCC_WARN_64_TO_32_BIT_CONVERSION = YES;
				GCC_WARN_ABOUT_RETURN_TYPE = YES_ERROR;
				GCC_WARN_UNDECLARED_SELECTOR = YES;
				GCC_WARN_UNINITIALIZED_AUTOS = YES_AGGRESSIVE;
				GCC_WARN_UNUSED_FUNCTION = YES;
				GCC_WARN_UNUSED_VARIABLE = YES;
				IPHONEOS_DEPLOYMENT_TARGET = 16.2;
				MTL_ENABLE_DEBUG_INFO = NO;
				MTL_FAST_MATH = YES;
				SDKROOT = iphoneos;
				SWIFT_COMPILATION_MODE = wholemodule;
				SWIFT_OPTIMIZATION_LEVEL = "-O";
				VALIDATE_PRODUCT = YES;
			};
			name = Release;
		};
		048CFE5829BFB02000650E75 /* Debug */ = {
			isa = XCBuildConfiguration;
			baseConfigurationReference = 9BF6AAAB13CE33F17B27AB17 /* Pods-TestShop.debug.xcconfig */;
			buildSettings = {
				ASSETCATALOG_COMPILER_APPICON_NAME = AppIcon;
				ASSETCATALOG_COMPILER_GLOBAL_ACCENT_COLOR_NAME = AccentColor;
				CODE_SIGN_STYLE = Automatic;
				CURRENT_PROJECT_VERSION = 1;
				DEVELOPMENT_TEAM = M77M9VK22X;
				GENERATE_INFOPLIST_FILE = YES;
				INFOPLIST_FILE = TestShop/SupportingFiles/Info.plist;
				INFOPLIST_KEY_UIApplicationSupportsIndirectInputEvents = YES;
				INFOPLIST_KEY_UILaunchStoryboardName = LaunchScreen;
				INFOPLIST_KEY_UISupportedInterfaceOrientations = UIInterfaceOrientationPortrait;
				INFOPLIST_KEY_UISupportedInterfaceOrientations_iPad = "UIInterfaceOrientationLandscapeLeft UIInterfaceOrientationLandscapeRight UIInterfaceOrientationPortrait UIInterfaceOrientationPortraitUpsideDown";
				IPHONEOS_DEPLOYMENT_TARGET = 14.0;
				LD_RUNPATH_SEARCH_PATHS = (
					"$(inherited)",
					"@executable_path/Frameworks",
				);
				MARKETING_VERSION = 1.0;
				PRODUCT_BUNDLE_IDENTIFIER = "Aliaksei-Balukhtsin.TestShop";
				PRODUCT_NAME = "$(TARGET_NAME)";
				SWIFT_EMIT_LOC_STRINGS = YES;
				SWIFT_VERSION = 5.0;
				TARGETED_DEVICE_FAMILY = "1,2";
			};
			name = Debug;
		};
		048CFE5929BFB02000650E75 /* Release */ = {
			isa = XCBuildConfiguration;
			baseConfigurationReference = C42C90339EC32976B6D870C3 /* Pods-TestShop.release.xcconfig */;
			buildSettings = {
				ASSETCATALOG_COMPILER_APPICON_NAME = AppIcon;
				ASSETCATALOG_COMPILER_GLOBAL_ACCENT_COLOR_NAME = AccentColor;
				CODE_SIGN_STYLE = Automatic;
				CURRENT_PROJECT_VERSION = 1;
				DEVELOPMENT_TEAM = M77M9VK22X;
				GENERATE_INFOPLIST_FILE = YES;
				INFOPLIST_FILE = TestShop/SupportingFiles/Info.plist;
				INFOPLIST_KEY_UIApplicationSupportsIndirectInputEvents = YES;
				INFOPLIST_KEY_UILaunchStoryboardName = LaunchScreen;
				INFOPLIST_KEY_UISupportedInterfaceOrientations = UIInterfaceOrientationPortrait;
				INFOPLIST_KEY_UISupportedInterfaceOrientations_iPad = "UIInterfaceOrientationLandscapeLeft UIInterfaceOrientationLandscapeRight UIInterfaceOrientationPortrait UIInterfaceOrientationPortraitUpsideDown";
				IPHONEOS_DEPLOYMENT_TARGET = 14.0;
				LD_RUNPATH_SEARCH_PATHS = (
					"$(inherited)",
					"@executable_path/Frameworks",
				);
				MARKETING_VERSION = 1.0;
				PRODUCT_BUNDLE_IDENTIFIER = "Aliaksei-Balukhtsin.TestShop";
				PRODUCT_NAME = "$(TARGET_NAME)";
				SWIFT_EMIT_LOC_STRINGS = YES;
				SWIFT_VERSION = 5.0;
				TARGETED_DEVICE_FAMILY = "1,2";
			};
			name = Release;
		};
/* End XCBuildConfiguration section */

/* Begin XCConfigurationList section */
		048CFE3B29BFB01C00650E75 /* Build configuration list for PBXProject "TestShop" */ = {
			isa = XCConfigurationList;
			buildConfigurations = (
				048CFE5529BFB02000650E75 /* Debug */,
				048CFE5629BFB02000650E75 /* Release */,
			);
			defaultConfigurationIsVisible = 0;
			defaultConfigurationName = Release;
		};
		048CFE5729BFB02000650E75 /* Build configuration list for PBXNativeTarget "TestShop" */ = {
			isa = XCConfigurationList;
			buildConfigurations = (
				048CFE5829BFB02000650E75 /* Debug */,
				048CFE5929BFB02000650E75 /* Release */,
			);
			defaultConfigurationIsVisible = 0;
			defaultConfigurationName = Release;
		};
/* End XCConfigurationList section */

/* Begin XCVersionGroup section */
		048CFE4C29BFB01C00650E75 /* TestShop.xcdatamodeld */ = {
			isa = XCVersionGroup;
			children = (
				048CFE4D29BFB01C00650E75 /* TestShop.xcdatamodel */,
			);
			currentVersion = 048CFE4D29BFB01C00650E75 /* TestShop.xcdatamodel */;
			path = TestShop.xcdatamodeld;
			sourceTree = "<group>";
			versionGroupType = wrapper.xcdatamodel;
		};
/* End XCVersionGroup section */
	};
	rootObject = 048CFE3829BFB01C00650E75 /* Project object */;
}
